
Microsoft Visual Studio Solution File, Format Version 12.00
# Visual Studio Version 16
VisualStudioVersion = 16.0.30804.86
MinimumVisualStudioVersion = 10.0.40219.1
Project("{888888A0-9F3D-457C-B088-3A5042F75D52}") = "Pac-man", "Pac-man\Pac-man.pyproj", "{3AF6CBEC-490D-4975-84DF-61A495E6B442}"
EndProject
Global
	GlobalSection(SolutionConfigurationPlatforms) = preSolution
		Debug|Any CPU = Debug|Any CPU
		Release|Any CPU = Release|Any CPU
	EndGlobalSection
	GlobalSection(ProjectConfigurationPlatforms) = postSolution
		{3AF6CBEC-490D-4975-84DF-61A495E6B442}.Debug|Any CPU.ActiveCfg = Debug|Any CPU
		{3AF6CBEC-490D-4975-84DF-61A495E6B442}.Release|Any CPU.ActiveCfg = Release|Any CPU
	EndGlobalSection
	GlobalSection(SolutionProperties) = preSolution
		HideSolutionNode = FALSE
	EndGlobalSection
	GlobalSection(ExtensibilityGlobals) = postSolution
		SolutionGuid = {7567A706-85BD-4AD2-81F3-39EF65BE3CC7}
	EndGlobalSection
EndGlobal
